
Microsoft Visual Studio Solution File, Format Version 12.00
# Visual Studio 15
VisualStudioVersion = 15.0.27130.2010
MinimumVisualStudioVersion = 10.0.40219.1
Project("{FAE04EC0-301F-11D3-BF4B-00C04F79EFBC}") = "sudoku", "sudoku\sudoku.csproj", "{F58C5D9D-F3EE-40DA-BB4C-1CA9980F4B0E}"
EndProject
Project("{FAE04EC0-301F-11D3-BF4B-00C04F79EFBC}") = "sudokuTest", "sudokuTest\sudokuTest.csproj", "{5FDCBC0C-6E43-4A97-9F05-DCF6D4818381}"
EndProject
Global
	GlobalSection(SolutionConfigurationPlatforms) = preSolution
		Debug|Any CPU = Debug|Any CPU
		Release|Any CPU = Release|Any CPU
	EndGlobalSection
	GlobalSection(ProjectConfigurationPlatforms) = postSolution
		{F58C5D9D-F3EE-40DA-BB4C-1CA9980F4B0E}.Debug|Any CPU.ActiveCfg = Debug|Any CPU
		{F58C5D9D-F3EE-40DA-BB4C-1CA9980F4B0E}.Debug|Any CPU.Build.0 = Debug|Any CPU
		{F58C5D9D-F3EE-40DA-BB4C-1CA9980F4B0E}.Release|Any CPU.ActiveCfg = Release|Any CPU
		{F58C5D9D-F3EE-40DA-BB4C-1CA9980F4B0E}.Release|Any CPU.Build.0 = Release|Any CPU
		{5FDCBC0C-6E43-4A97-9F05-DCF6D4818381}.Debug|Any CPU.ActiveCfg = Debug|Any CPU
		{5FDCBC0C-6E43-4A97-9F05-DCF6D4818381}.Debug|Any CPU.Build.0 = Debug|Any CPU
		{5FDCBC0C-6E43-4A97-9F05-DCF6D4818381}.Release|Any CPU.ActiveCfg = Release|Any CPU
		{5FDCBC0C-6E43-4A97-9F05-DCF6D4818381}.Release|Any CPU.Build.0 = Release|Any CPU
	EndGlobalSection
	GlobalSection(SolutionProperties) = preSolution
		HideSolutionNode = FALSE
	EndGlobalSection
	GlobalSection(ExtensibilityGlobals) = postSolution
		SolutionGuid = {A282D94A-B003-4321-BB34-66D592E26BBA}
	EndGlobalSection
EndGlobal
